{
    "_meta": {
        "hash": {
            "sha256": "d0a5a3a82a8fef62cf80b9b8d0711b5fb362236f5c88a9e08bb749b94ab8d292"
        },
        "pipfile-spec": 6,
        "requires": {
            "python_version": "3.6"
        },
        "sources": [
            {
                "name": "pypi",
                "url": "https://pypi.org/simple",
                "verify_ssl": true
            }
        ]
    },
    "default": {
        "alembic": {
            "hashes": [
                "sha256:85bd3ea7633024e4930900bc64fb58f9742dedbc6ebb6ecf25be2ea9a3c1b32e"
            ],
            "version": "==0.9.9"
        },
        "amqp": {
            "hashes": [
                "sha256:4e28d3ea61a64ae61830000c909662cb053642efddbe96503db0e7783a6ee85b",
                "sha256:cba1ace9d4ff6049b190d8b7991f9c1006b443a5238021aca96dd6ad2ac9da22"
            ],
            "version": "==2.2.2"
        },
        "billiard": {
            "hashes": [
                "sha256:1d7b22bdc47aa52841120fcd22a74ae4fc8c13e9d3935643098184f5788c3ce6",
                "sha256:abd9ce008c9a71ccde2c816f8daa36246e92a21e6a799831b887d88277187ecd"
            ],
            "version": "==3.5.0.3"
        },
        "celery": {
            "hashes": [
                "sha256:77ff3730198d6a17b3c1f05579ebe570b579efb35f6d7e13dba3b1368d068b35",
                "sha256:81a67f0d53a688ec2bc8557bd5d6d7218f925a6f2e6df80e01560de9e28997ec"
            ],
            "index": "pypi",
            "version": "==4.1.0"
        },
        "click": {
            "hashes": [
                "sha256:29f99fc6125fbc931b758dc053b3114e55c77a6e4c6c3a2674a2dc986016381d",
                "sha256:f15516df478d5a56180fbf80e68f206010e6d160fc39fa508b65e035fd75130b"
            ],
            "version": "==6.7"
        },
        "flask": {
            "hashes": [
                "sha256:7fab1062d11dd0038434e790d18c5b9133fd9e6b7257d707c4578ccc1e38b67c",
                "sha256:b1883637bbee4dc7bc98d900792d0a304d609fce0f5bd9ca91d1b6457e5918dd"
            ],
            "index": "pypi",
            "version": "==1.0"
        },
        "flask-cdn": {
            "hashes": [
                "sha256:2f1c55dbd42a5f2d7ceb110064819befb4eaf87ed1b353286971f8a72322a2cd"
            ],
            "index": "pypi",
            "version": "==1.5.3"
        },
        "flask-cors": {
            "hashes": [
                "sha256:0a09f3559ded4759387dfa2a355de59bc161f67269a1f4b7b0712a64b1f7dad6",
                "sha256:149a2cca7bb5785324ed12afc0f327050f4e5e397113359b1390e4430b55b3dd",
                "sha256:66a78dd308157f17296a254f793eba4cda1f75bfc96d9c5e33ad12bf9a411287"
            ],
            "index": "pypi",
            "version": "==3.0.2"
        },
        "flask-limiter": {
            "hashes": [
                "sha256:8fe5cb813fc3887dcebc53b0952b2116a4fe557b80aa4e008063800448bbc4d9",
                "sha256:e909793a6d52138aef026c2b40ffae8609889db11c3bfd4dfe1b906d9a06a8b8"
            ],
            "index": "pypi",
            "version": "==0.9.3"
        },
        "flask-login": {
            "hashes": [
                "sha256:f2f144cdadfd03ca84cb65c3a5162a21b57262bebdd83e6db20077d460c45d52"
            ],
            "index": "pypi",
            "version": "==0.3.0"
        },
        "flask-migrate": {
            "hashes": [
                "sha256:493f9b3795985b9b4915bf3b7d16946697f027b73545384e7d9e3a79f989d2fe",
                "sha256:b709ca8642559c3c5a81a33ab10839fa052177accd5ba821047a99db635255ed"
            ],
            "index": "pypi",
            "version": "==2.1.1"
        },
        "flask-redis": {
            "hashes": [
                "sha256:f0d49837581bfb9985f9af73620d3eebec5ca24d7cfe3578a3ae33e698a56488"
            ],
            "index": "pypi",
            "version": "==0.0.6"
        },
        "flask-sqlalchemy": {
            "hashes": [
                "sha256:c5244de44cc85d2267115624d83faef3f9e8f088756788694f305a5d5ad137c5"
            ],
            "index": "pypi",
            "version": "==2.1"
        },
        "flask-testing": {
            "hashes": [
                "sha256:abf539332c013aee5301cbb720d2c6a78bb69fe9bcf854697b6f62f1e7f175b2"
            ],
            "index": "pypi",
            "version": "==0.6.1"
        },
        "gunicorn": {
            "hashes": [
                "sha256:723234ea1fa8dff370ab69830ba8bc37469a7cba13fd66055faeef24085e6530",
                "sha256:813f6916d18a4c8e90efde72f419308b357692f81333cb1125f80013d22fb618"
            ],
            "index": "pypi",
            "version": "==19.6.0"
        },
        "hashids": {
            "hashes": [
                "sha256:6539b892a426e75747a9c0ad69409e9566f9c21b79310fc3424b5b6726f28da6"
            ],
            "index": "pypi",
            "version": "==1.2.0"
        },
        "itsdangerous": {
            "hashes": [
                "sha256:cbb3fcf8d3e33df861709ecaf89d9e6629cff0a217bc2848f1b41cd30d360519"
            ],
            "version": "==0.24"
        },
        "jinja2": {
            "hashes": [
                "sha256:74c935a1b8bb9a3947c50a54766a969d4846290e1e788ea44c1392163723c3bd",
                "sha256:f84be1bb0040caca4cea721fcbbbbd61f9be9464ca236387158b0feea01914a4"
            ],
            "version": "==2.10"
        },
        "kombu": {
            "hashes": [
                "sha256:01f0da9fe222a2183345004243d1518c0fbe5875955f1b24842f2d9c65709ade",
                "sha256:4249d9dd9dbf1fcec471d1c2def20653c9310dd1a217272d77e4844f9d5273cb"
            ],
            "version": "==4.1.0"
        },
        "limits": {
            "hashes": [
                "sha256:9df578f4161017d79f5188609f1d65f6b639f8aad2914c3960c9252e56a0ff95",
                "sha256:a017b8d9e9da6761f4574642149c337f8f540d4edfe573fb91ad2c4001a2bc76"
            ],
            "version": "==1.3"
        },
        "mako": {
            "hashes": [
                "sha256:4e02fde57bd4abb5ec400181e4c314f56ac3e49ba4fb8b0d50bba18cb27d25ae"
            ],
            "version": "==1.0.7"
        },
        "markupsafe": {
            "hashes": [
                "sha256:a6be69091dac236ea9c6bc7d012beab42010fa914c459791d627dad4910eb665"
            ],
            "version": "==1.0"
        },
        "psycopg2": {
            "hashes": [
                "sha256:076351ed3c3b36ea147d456b3eb568be0ec89a29b000349d5b6d8e3e3026f49e",
                "sha256:11b5e4f9d1e7e742d6a953e70d19ac5a12db5dc539db929657df676ec475b435",
                "sha256:23198892998282d06884897dcb7561c043371c2b33118f1d12c0abbe1d7fd1d5",
                "sha256:25c843b5ba383820a027603f3ef7b4d9854602d325295cd82bded15b33b762c9",
                "sha256:3474c77a657fc2344f415ac0b5dc053ee0b3cdc84bbcc7cfc8047604b981febc",
                "sha256:4460dc9d0132db3483fcedd4f2fb30475fd89a98b9cd563f6ad1dabd59247845",
                "sha256:45dd9b3f08e327f23f5e70075738a69f4851c83e91b90b9fe3fe873de8c4e953",
                "sha256:58041e8372f077ed4dd37029e6988b2f0859e520d3949a90c4d6456ec47f7c75",
                "sha256:5e1d71b33e1712ab691988cd8d8866196e981fd3e353e01ff4604c437b338c75",
                "sha256:6f3b5bf74396800738f8c15e6cecf7ce64d0e59f80e1ca5fe5ceedbcdeaac5ed",
                "sha256:6ff610d8a5f44f28c27191cbc9025e4a6f8922dbb99b9d3ef0779b9c5ca164d6",
                "sha256:707b40dc972223880364fce6eaa42e8fd7946f636e91fc7ccf65beb149e9a489",
                "sha256:72448b57b82ece42a7f6c1c50a5ca27c0521f9e31b5d3621d19b2d9434debb32",
                "sha256:7d8e4c2639a693a3b87942596a68b2cfc6cfbd66c0997b1adb7b8828bde6c1b7",
                "sha256:84cb4591cd8a1238ddabcf8b066d3179fb2e2296679b720e8272f267d9137783",
                "sha256:868a251a32f46c2615e034541bf61944b810ba66a2a8efeef7fbeb35d20ba246",
                "sha256:87c950f463a11341af2228bc4173d4c47dce2e4d4b9282715b923c8d90b7547d",
                "sha256:8cdfef6ca3359f66418c84778506e431fd02a0a4cee10c8f54affef141d9a37f",
                "sha256:8e875e864876bf69879221746bacc3479cd5db26245bac4c3b2f9622ee6ac52f",
                "sha256:96c08e0d72a1dd7a9314636351a3ed8bdcdf332ec8414da93e81c2cb747ca62d",
                "sha256:99b02d34029d163344490212ebd7987b75a18349f5e1925ea77a1e77dd700c12",
                "sha256:ab4f2a7d9c43c65ea62f28f549079d3f5f5d5ca54eafb552c765537718a8dbd4",
                "sha256:ac8d1231aae6b6849e732e8d021a5f93fa9d8d8bac02c663797a9e6c5ac1607d",
                "sha256:c946dd53fd39427051e72707146643660f017388641b9daa2d316fe45af06551",
                "sha256:ceadecf660ad4f7a31ea5baef30a7351add8626f9fd3daaafabb9a9e549f3f9a",
                "sha256:da8475270687816c500a5874e14b25e120c2e9711dc6f7cf697af6bda31ab741",
                "sha256:e0313fb08c883ebc772d11c9ecf0b4ecf8946a37ed6fb3d2b6ad96f833a1af2b",
                "sha256:e452672f74f8d4540da0b9df4d50cd26109f05e2ed35015bb0ffe6a0f08e730e",
                "sha256:ebabc4ab0bd3fb4e4644cfe5c11c3ba22991ce1c6d40b4755a5f3f144e97e822",
                "sha256:ec26d70bc9e5be78334f3df474bb852e078b80d2ac44a069a925f4333a432cc9",
                "sha256:f50d0df01a1fe2c0b8e8d74c9eb8f636d09ccea4c7f50eb267eb117bd33b8516"
            ],
            "index": "pypi",
            "version": "==2.7"
        },
        "pyaml": {
            "hashes": [
                "sha256:66623c52f34d83a2c0fc963e08e8b9d0c13d88404e3b43b1852ef71eda19afa3",
                "sha256:f83fc302c52c6b83a15345792693ae0b5bc07ad19f59e318b7617d7123d62990"
            ],
            "index": "pypi",
            "version": "==17.12.1"
        },
        "python-dateutil": {
            "hashes": [
                "sha256:1adb80e7a782c12e52ef9a8182bebeb73f1d7e24e374397af06fb4956c8dc5c0",
                "sha256:e27001de32f627c22380a688bcc43ce83504a7bc5da472209b4c70f02829f0b8"
            ],
            "version": "==2.7.3"
        },
        "python-editor": {
            "hashes": [
                "sha256:a3c066acee22a1c94f63938341d4fb374e3fdd69366ed6603d7b24bed1efc565"
            ],
            "version": "==1.0.3"
        },
        "pytz": {
            "hashes": [
                "sha256:65ae0c8101309c45772196b21b74c46b2e5d11b6275c45d251b150d5da334555",
                "sha256:c06425302f2cf668f1bba7a0a03f3c1d34d4ebeef2c72003da308b3947c7f749"
            ],
            "version": "==2018.4"
        },
        "pyyaml": {
            "hashes": [
                "sha256:0c507b7f74b3d2dd4d1322ec8a94794927305ab4cebbe89cc47fe5e81541e6e8",
                "sha256:16b20e970597e051997d90dc2cddc713a2876c47e3d92d59ee198700c5427736",
                "sha256:3262c96a1ca437e7e4763e2843746588a965426550f3797a79fca9c6199c431f",
                "sha256:326420cbb492172dec84b0f65c80942de6cedb5233c413dd824483989c000608",
                "sha256:4474f8ea030b5127225b8894d626bb66c01cda098d47a2b0d3429b6700af9fd8",
                "sha256:592766c6303207a20efc445587778322d7f73b161bd994f227adaa341ba212ab",
                "sha256:5ac82e411044fb129bae5cfbeb3ba626acb2af31a8d17d175004b70862a741a7",
                "sha256:5f84523c076ad14ff5e6c037fe1c89a7f73a3e04cf0377cb4d017014976433f3",
                "sha256:827dc04b8fa7d07c44de11fabbc888e627fa8293b695e0f99cb544fdfa1bf0d1",
                "sha256:b4c423ab23291d3945ac61346feeb9a0dc4184999ede5e7c43e1ffb975130ae6",
                "sha256:bc6bced57f826ca7cb5125a10b23fd0f2fff3b7c4701d64c439a300ce665fff8",
                "sha256:c01b880ec30b5a6e6aa67b09a2fe3fb30473008c85cd6a67359a1b15ed6d83a4",
                "sha256:ca233c64c6e40eaa6c66ef97058cdc80e8d0157a443655baa1b2966e812807ca",
                "sha256:e863072cdf4c72eebf179342c94e6989c67185842d9997960b3e69290b2fa269"
            ],
            "version": "==3.12"
        },
        "redis": {
            "hashes": [
                "sha256:5dfbae6acfc54edf0a7a415b99e0b21c0a3c27a7f787b292eea727b1facc5533",
                "sha256:97156b37d7cda4e7d8658be1148c983984e1a975090ba458cc7e244025191dbd"
            ],
            "index": "pypi",
            "version": "==2.10.5"
        },
        "requests": {
            "hashes": [
                "sha256:a57307f3a5f35ec9e1254aaf3e0484063ee3ee6b5f123fb35c5b2673492efa71",
                "sha256:fcef306d62b1c061eb00b8402cf136ff0ea1daf7a53b60cdef9563a22850072c"
            ],
            "index": "pypi",
            "version": "==2.1.0"
        },
        "six": {
            "hashes": [
                "sha256:70e8a77beed4562e7f14fe23a786b54f6296e34344c23bc42f07b15018ff98e9",
                "sha256:832dc0e10feb1aa2c68dcc57dbb658f1c7e65b9b61af69048abc87a2db00a0eb"
            ],
            "version": "==1.11.0"
        },
        "sqlalchemy": {
            "hashes": [
                "sha256:e755fd23b8bd574163d392ae85f41f6cd32eca8fe5bd7b5692de77265bb220cf"
            ],
            "index": "pypi",
            "version": "==1.0.13"
        },
        "stripe": {
            "hashes": [
                "sha256:74ef15145feba5fdfad2311195bf500971f04397756d4dcb0715173e928ccf1e",
                "sha256:7545301c65459ab65546ef1f3d58d2a0500d2820214af2e8a21f89d1517047bf",
                "sha256:d395e13ded4ae0c13872e5dc4402e20b46f8c2eafa9ec035756347dac53a0a45"
            ],
            "index": "pypi",
            "version": "==1.55.0"
        },
        "structlog": {
            "hashes": [
                "sha256:a8cc45c208c6b251031ec223940552eccd97dbdb322474e0c4ec9e50f76a225a",
                "sha256:b44dfaadcbab84e6bb97bd9b263f61534a79611014679757cd93e2359ee7be01"
            ],
            "index": "pypi",
            "version": "==16.1.0"
        },
        "unicodecsv": {
            "hashes": [
                "sha256:018c08037d48649a0412063ff4eda26eaa81eff1546dbffa51fa5293276ff7fc"
            ],
            "index": "pypi",
            "version": "==0.14.1"
        },
        "vine": {
            "hashes": [
                "sha256:52116d59bc45392af9fdd3b75ed98ae48a93e822cee21e5fda249105c59a7a72",
                "sha256:6849544be74ec3638e84d90bc1cf2e1e9224cc10d96cd4383ec3f69e9bce077b"
            ],
            "version": "==1.1.4"
        },
        "werkzeug": {
            "hashes": [
                "sha256:c3fd7a7d41976d9f44db327260e263132466836cef6f91512889ed60ad26557c",
                "sha256:d5da73735293558eb1651ee2fddc4d0dedcfa06538b8813a2e20011583c9e49b"
            ],
            "version": "==0.14.1"
        }
    },
    "develop": {
        "attrs": {
            "hashes": [
                "sha256:4b90b09eeeb9b88c35bc642cbac057e45a5fd85367b985bd2809c62b7b939265",
                "sha256:e0d0eb91441a3b53dab4d9b743eafc1ac44476296a2053b6ca3af0b139faf87b"
            ],
            "version": "==18.1.0"
        },
        "celerytest": {
            "git": "https://github.com/copperleaftech/celerytest",
            "ref": "f0ec85a591c5e0757987f043416dfa95c3dd0b96"
        },
        "httpretty": {
            "hashes": [
                "sha256:69259e22addf5ab5f25bd00c6568e16fc2e54efdd4da69eb0950718dba3b2dab"
            ],
            "index": "pypi",
            "version": "==0.9.4"
        },
        "more-itertools": {
            "hashes": [
                "sha256:0dd8f72eeab0d2c3bd489025bb2f6a1b8342f9b198f6fc37b52d15cfa4531fea",
                "sha256:11a625025954c20145b37ff6309cd54e39ca94f72f6bb9576d1195db6fa2442e",
                "sha256:c9ce7eccdcb901a2c75d326ea134e0886abfbea5f93e91cc95de9507c0816c44"
            ],
            "version": "==4.1.0"
        },
        "pluggy": {
            "hashes": [
                "sha256:7f8ae7f5bdf75671a718d2daf0a64b7885f74510bcd98b1a0bb420eb9a9d0cff",
                "sha256:d345c8fe681115900d6da8d048ba67c25df42973bda370783cd58826442dcd7c",
                "sha256:e160a7fcf25762bb60efc7e171d4497ff1d8d2d75a3d0df7a21b76821ecbf5c5"
            ],
            "version": "==0.6.0"
        },
        "py": {
            "hashes": [
                "sha256:29c9fab495d7528e80ba1e343b958684f4ace687327e6f789a94bf3d1915f881",
                "sha256:983f77f3331356039fdd792e9220b7b8ee1aa6bd2b25f567a963ff1de5a64f6a"
            ],
            "version": "==1.5.3"
        },
        "pytest": {
            "hashes": [
                "sha256:54713b26c97538db6ff0703a12b19aeaeb60b5e599de542e7fca0ec83b9038e8",
                "sha256:829230122facf05a5f81a6d4dfe6454a04978ea3746853b2b84567ecf8e5c526"
            ],
            "index": "pypi",
            "version": "==3.5.1"
        },
        "python-dotenv": {
            "hashes": [
                "sha256:4965ed170bf51c347a89820e8050655e9c25db3837db6602e906b6d850fad85c",
                "sha256:509736185257111613009974e666568a1b031b028b61b500ef1ab4ee780089d5"
            ],
            "index": "pypi",
            "version": "==0.8.2"
        },
        "six": {
            "hashes": [
                "sha256:70e8a77beed4562e7f14fe23a786b54f6296e34344c23bc42f07b15018ff98e9",
                "sha256:832dc0e10feb1aa2c68dcc57dbb658f1c7e65b9b61af69048abc87a2db00a0eb"
            ],
            "version": "==1.11.0"
        }
    }
}
